// !$*UTF8*$!
{
	archiveVersion = 1;
	classes = {
	};
	objectVersion = 56;
	objects = {

/* Begin PBXBuildFile section */
		091E6F112ADFDEFF00AC2AE4 /* UserModel.swift in Sources */ = {isa = PBXBuildFile; fileRef = 091E6F102ADFDEFF00AC2AE4 /* UserModel.swift */; };
		091E6F132AE054FE00AC2AE4 /* TopView.swift in Sources */ = {isa = PBXBuildFile; fileRef = 091E6F122AE054FE00AC2AE4 /* TopView.swift */; };
		091E6F152AE0551000AC2AE4 /* TradeView.swift in Sources */ = {isa = PBXBuildFile; fileRef = 091E6F142AE0551000AC2AE4 /* TradeView.swift */; };
		092D252C2AE159BD003C428A /* ViewModel.swift in Sources */ = {isa = PBXBuildFile; fileRef = 092D252B2AE159BD003C428A /* ViewModel.swift */; };
		092D252E2AE15C36003C428A /* TopUserView.swift in Sources */ = {isa = PBXBuildFile; fileRef = 092D252D2AE15C36003C428A /* TopUserView.swift */; };
		092D25332AE19304003C428A /* launchScreen.png in Resources */ = {isa = PBXBuildFile; fileRef = 092D25322AE19304003C428A /* launchScreen.png */; };
		092D25352AE1A044003C428A /* TradeWidgetView.swift in Sources */ = {isa = PBXBuildFile; fileRef = 092D25342AE1A044003C428A /* TradeWidgetView.swift */; };
		092D25372AE25BB6003C428A /* TradeCurrencyPairView.swift in Sources */ = {isa = PBXBuildFile; fileRef = 092D25362AE25BB6003C428A /* TradeCurrencyPairView.swift */; };
		092D25392AE28215003C428A /* TradeSettingsView.swift in Sources */ = {isa = PBXBuildFile; fileRef = 092D25382AE28215003C428A /* TradeSettingsView.swift */; };
		092D253D2AE28373003C428A /* TradeButtonsView.swift in Sources */ = {isa = PBXBuildFile; fileRef = 092D253C2AE28373003C428A /* TradeButtonsView.swift */; };
		092D253F2AE2B6E8003C428A /* LoadingView.swift in Sources */ = {isa = PBXBuildFile; fileRef = 092D253E2AE2B6E8003C428A /* LoadingView.swift */; };
		09E8C7542ADEDF5500ED0549 /* TradingApp.swift in Sources */ = {isa = PBXBuildFile; fileRef = 09E8C7532ADEDF5500ED0549 /* TradingApp.swift */; };
		09E8C7562ADEDF5500ED0549 /* ContentView.swift in Sources */ = {isa = PBXBuildFile; fileRef = 09E8C7552ADEDF5500ED0549 /* ContentView.swift */; };
		09E8C7582ADEDF5600ED0549 /* Assets.xcassets in Resources */ = {isa = PBXBuildFile; fileRef = 09E8C7572ADEDF5600ED0549 /* Assets.xcassets */; };
		09E8C75B2ADEDF5600ED0549 /* Preview Assets.xcassets in Resources */ = {isa = PBXBuildFile; fileRef = 09E8C75A2ADEDF5600ED0549 /* Preview Assets.xcassets */; };
/* End PBXBuildFile section */

/* Begin PBXFileReference section */
		091E6F102ADFDEFF00AC2AE4 /* UserModel.swift */ = {isa = PBXFileReference; lastKnownFileType = sourcecode.swift; path = UserModel.swift; sourceTree = "<group>"; };
		091E6F122AE054FE00AC2AE4 /* TopView.swift */ = {isa = PBXFileReference; lastKnownFileType = sourcecode.swift; path = TopView.swift; sourceTree = "<group>"; };
		091E6F142AE0551000AC2AE4 /* TradeView.swift */ = {isa = PBXFileReference; lastKnownFileType = sourcecode.swift; path = TradeView.swift; sourceTree = "<group>"; };
		092D252B2AE159BD003C428A /* ViewModel.swift */ = {isa = PBXFileReference; lastKnownFileType = sourcecode.swift; path = ViewModel.swift; sourceTree = "<group>"; };
		092D252D2AE15C36003C428A /* TopUserView.swift */ = {isa = PBXFileReference; lastKnownFileType = sourcecode.swift; path = TopUserView.swift; sourceTree = "<group>"; };
		092D252F2AE18826003C428A /* Info.plist */ = {isa = PBXFileReference; lastKnownFileType = text.plist; path = Info.plist; sourceTree = "<group>"; };
		092D25322AE19304003C428A /* launchScreen.png */ = {isa = PBXFileReference; lastKnownFileType = image.png; path = launchScreen.png; sourceTree = "<group>"; };
		092D25342AE1A044003C428A /* TradeWidgetView.swift */ = {isa = PBXFileReference; lastKnownFileType = sourcecode.swift; path = TradeWidgetView.swift; sourceTree = "<group>"; };
		092D25362AE25BB6003C428A /* TradeCurrencyPairView.swift */ = {isa = PBXFileReference; lastKnownFileType = sourcecode.swift; path = TradeCurrencyPairView.swift; sourceTree = "<group>"; };
		092D25382AE28215003C428A /* TradeSettingsView.swift */ = {isa = PBXFileReference; lastKnownFileType = sourcecode.swift; path = TradeSettingsView.swift; sourceTree = "<group>"; };
		092D253C2AE28373003C428A /* TradeButtonsView.swift */ = {isa = PBXFileReference; lastKnownFileType = sourcecode.swift; path = TradeButtonsView.swift; sourceTree = "<group>"; };
		092D253E2AE2B6E8003C428A /* LoadingView.swift */ = {isa = PBXFileReference; lastKnownFileType = sourcecode.swift; path = LoadingView.swift; sourceTree = "<group>"; };
		09E8C7502ADEDF5500ED0549 /* Trading.app */ = {isa = PBXFileReference; explicitFileType = wrapper.application; includeInIndex = 0; path = Trading.app; sourceTree = BUILT_PRODUCTS_DIR; };
		09E8C7532ADEDF5500ED0549 /* TradingApp.swift */ = {isa = PBXFileReference; lastKnownFileType = sourcecode.swift; path = TradingApp.swift; sourceTree = "<group>"; };
		09E8C7552ADEDF5500ED0549 /* ContentView.swift */ = {isa = PBXFileReference; lastKnownFileType = sourcecode.swift; path = ContentView.swift; sourceTree = "<group>"; };
		09E8C7572ADEDF5600ED0549 /* Assets.xcassets */ = {isa = PBXFileReference; lastKnownFileType = folder.assetcatalog; path = Assets.xcassets; sourceTree = "<group>"; };
		09E8C75A2ADEDF5600ED0549 /* Preview Assets.xcassets */ = {isa = PBXFileReference; lastKnownFileType = folder.assetcatalog; path = "Preview Assets.xcassets"; sourceTree = "<group>"; };
/* End PBXFileReference section */

/* Begin PBXFrameworksBuildPhase section */
		09E8C74D2ADEDF5500ED0549 /* Frameworks */ = {
			isa = PBXFrameworksBuildPhase;
			buildActionMask = 2147483647;
			files = (
			);
			runOnlyForDeploymentPostprocessing = 0;
		};
/* End PBXFrameworksBuildPhase section */

/* Begin PBXGroup section */
		091E6F0B2ADFDC0400AC2AE4 /* Model */ = {
			isa = PBXGroup;
			children = (
				091E6F102ADFDEFF00AC2AE4 /* UserModel.swift */,
			);
			path = Model;
			sourceTree = "<group>";
		};
		091E6F0C2ADFDC0C00AC2AE4 /* Views */ = {
			isa = PBXGroup;
			children = (
				09E8C7552ADEDF5500ED0549 /* ContentView.swift */,
				092D253E2AE2B6E8003C428A /* LoadingView.swift */,
				092D252A2AE1404D003C428A /* Trade */,
				092D25292AE14045003C428A /* Top */,
			);
			path = Views;
			sourceTree = "<group>";
		};
		091E6F0E2ADFDCA500AC2AE4 /* ViewModel */ = {
			isa = PBXGroup;
			children = (
				092D252B2AE159BD003C428A /* ViewModel.swift */,
			);
			path = ViewModel;
			sourceTree = "<group>";
		};
		091E6F0F2ADFDCBC00AC2AE4 /* Assets */ = {
			isa = PBXGroup;
			children = (
				09E8C7572ADEDF5600ED0549 /* Assets.xcassets */,
				092D25322AE19304003C428A /* launchScreen.png */,
			);
			path = Assets;
			sourceTree = "<group>";
		};
		092D25292AE14045003C428A /* Top */ = {
			isa = PBXGroup;
			children = (
				091E6F122AE054FE00AC2AE4 /* TopView.swift */,
				092D252D2AE15C36003C428A /* TopUserView.swift */,
			);
			path = Top;
			sourceTree = "<group>";
		};
		092D252A2AE1404D003C428A /* Trade */ = {
			isa = PBXGroup;
			children = (
				091E6F142AE0551000AC2AE4 /* TradeView.swift */,
				092D25342AE1A044003C428A /* TradeWidgetView.swift */,
				092D25362AE25BB6003C428A /* TradeCurrencyPairView.swift */,
				092D25382AE28215003C428A /* TradeSettingsView.swift */,
				092D253C2AE28373003C428A /* TradeButtonsView.swift */,
			);
			path = Trade;
			sourceTree = "<group>";
		};
		09E8C7472ADEDF5500ED0549 = {
			isa = PBXGroup;
			children = (
				09E8C7522ADEDF5500ED0549 /* Trading */,
				09E8C7512ADEDF5500ED0549 /* Products */,
			);
			sourceTree = "<group>";
		};
		09E8C7512ADEDF5500ED0549 /* Products */ = {
			isa = PBXGroup;
			children = (
				09E8C7502ADEDF5500ED0549 /* Trading.app */,
			);
			name = Products;
			sourceTree = "<group>";
		};
		09E8C7522ADEDF5500ED0549 /* Trading */ = {
			isa = PBXGroup;
			children = (
				092D252F2AE18826003C428A /* Info.plist */,
				09E8C7532ADEDF5500ED0549 /* TradingApp.swift */,
				091E6F0B2ADFDC0400AC2AE4 /* Model */,
				091E6F0C2ADFDC0C00AC2AE4 /* Views */,
				091E6F0E2ADFDCA500AC2AE4 /* ViewModel */,
				091E6F0F2ADFDCBC00AC2AE4 /* Assets */,
				09E8C7592ADEDF5600ED0549 /* Preview Content */,
			);
			path = Trading;
			sourceTree = "<group>";
		};
		09E8C7592ADEDF5600ED0549 /* Preview Content */ = {
			isa = PBXGroup;
			children = (
				09E8C75A2ADEDF5600ED0549 /* Preview Assets.xcassets */,
			);
			path = "Preview Content";
			sourceTree = "<group>";
		};
/* End PBXGroup section */

/* Begin PBXNativeTarget section */
		09E8C74F2ADEDF5500ED0549 /* Trading */ = {
			isa = PBXNativeTarget;
			buildConfigurationList = 09E8C75E2ADEDF5600ED0549 /* Build configuration list for PBXNativeTarget "Trading" */;
			buildPhases = (
				09E8C74C2ADEDF5500ED0549 /* Sources */,
				09E8C74D2ADEDF5500ED0549 /* Frameworks */,
				09E8C74E2ADEDF5500ED0549 /* Resources */,
			);
			buildRules = (
			);
			dependencies = (
			);
			name = Trading;
			productName = Trading;
			productReference = 09E8C7502ADEDF5500ED0549 /* Trading.app */;
			productType = "com.apple.product-type.application";
		};
/* End PBXNativeTarget section */

/* Begin PBXProject section */
		09E8C7482ADEDF5500ED0549 /* Project object */ = {
			isa = PBXProject;
			attributes = {
				BuildIndependentTargetsInParallel = 1;
				LastSwiftUpdateCheck = 1500;
				LastUpgradeCheck = 1500;
				TargetAttributes = {
					09E8C74F2ADEDF5500ED0549 = {
						CreatedOnToolsVersion = 15.0;
					};
				};
			};
			buildConfigurationList = 09E8C74B2ADEDF5500ED0549 /* Build configuration list for PBXProject "Trading" */;
			compatibilityVersion = "Xcode 14.0";
			developmentRegion = en;
			hasScannedForEncodings = 0;
			knownRegions = (
				en,
				Base,
			);
			mainGroup = 09E8C7472ADEDF5500ED0549;
			productRefGroup = 09E8C7512ADEDF5500ED0549 /* Products */;
			projectDirPath = "";
			projectRoot = "";
			targets = (
				09E8C74F2ADEDF5500ED0549 /* Trading */,
			);
		};
/* End PBXProject section */

/* Begin PBXResourcesBuildPhase section */
		09E8C74E2ADEDF5500ED0549 /* Resources */ = {
			isa = PBXResourcesBuildPhase;
			buildActionMask = 2147483647;
			files = (
				09E8C75B2ADEDF5600ED0549 /* Preview Assets.xcassets in Resources */,
				09E8C7582ADEDF5600ED0549 /* Assets.xcassets in Resources */,
				092D25332AE19304003C428A /* launchScreen.png in Resources */,
			);
			runOnlyForDeploymentPostprocessing = 0;
		};
/* End PBXResourcesBuildPhase section */

/* Begin PBXSourcesBuildPhase section */
		09E8C74C2ADEDF5500ED0549 /* Sources */ = {
			isa = PBXSourcesBuildPhase;
			buildActionMask = 2147483647;
			files = (
				09E8C7562ADEDF5500ED0549 /* ContentView.swift in Sources */,
				091E6F112ADFDEFF00AC2AE4 /* UserModel.swift in Sources */,
				091E6F132AE054FE00AC2AE4 /* TopView.swift in Sources */,
				092D25372AE25BB6003C428A /* TradeCurrencyPairView.swift in Sources */,
				091E6F152AE0551000AC2AE4 /* TradeView.swift in Sources */,
				092D253F2AE2B6E8003C428A /* LoadingView.swift in Sources */,
				092D25392AE28215003C428A /* TradeSettingsView.swift in Sources */,
				092D252C2AE159BD003C428A /* ViewModel.swift in Sources */,
				092D252E2AE15C36003C428A /* TopUserView.swift in Sources */,
				09E8C7542ADEDF5500ED0549 /* TradingApp.swift in Sources */,
				092D25352AE1A044003C428A /* TradeWidgetView.swift in Sources */,
				092D253D2AE28373003C428A /* TradeButtonsView.swift in Sources */,
			);
			runOnlyForDeploymentPostprocessing = 0;
		};
/* End PBXSourcesBuildPhase section */

/* Begin XCBuildConfiguration section */
		09E8C75C2ADEDF5600ED0549 /* Debug */ = {
			isa = XCBuildConfiguration;
			buildSettings = {
				ALWAYS_SEARCH_USER_PATHS = NO;
				ASSETCATALOG_COMPILER_GENERATE_SWIFT_ASSET_SYMBOL_EXTENSIONS = YES;
				CLANG_ANALYZER_NONNULL = YES;
				CLANG_ANALYZER_NUMBER_OBJECT_CONVERSION = YES_AGGRESSIVE;
				CLANG_CXX_LANGUAGE_STANDARD = "gnu++20";
				CLANG_ENABLE_MODULES = YES;
				CLANG_ENABLE_OBJC_ARC = YES;
				CLANG_ENABLE_OBJC_WEAK = YES;
				CLANG_WARN_BLOCK_CAPTURE_AUTORELEASING = YES;
				CLANG_WARN_BOOL_CONVERSION = YES;
				CLANG_WARN_COMMA = YES;
				CLANG_WARN_CONSTANT_CONVERSION = YES;
				CLANG_WARN_DEPRECATED_OBJC_IMPLEMENTATIONS = YES;
				CLANG_WARN_DIRECT_OBJC_ISA_USAGE = YES_ERROR;
				CLANG_WARN_DOCUMENTATION_COMMENTS = YES;
				CLANG_WARN_EMPTY_BODY = YES;
				CLANG_WARN_ENUM_CONVERSION = YES;
				CLANG_WARN_INFINITE_RECURSION = YES;
				CLANG_WARN_INT_CONVERSION = YES;
				CLANG_WARN_NON_LITERAL_NULL_CONVERSION = YES;
				CLANG_WARN_OBJC_IMPLICIT_RETAIN_SELF = YES;
				CLANG_WARN_OBJC_LITERAL_CONVERSION = YES;
				CLANG_WARN_OBJC_ROOT_CLASS = YES_ERROR;
				CLANG_WARN_QUOTED_INCLUDE_IN_FRAMEWORK_HEADER = YES;
				CLANG_WARN_RANGE_LOOP_ANALYSIS = YES;
				CLANG_WARN_STRICT_PROTOTYPES = YES;
				CLANG_WARN_SUSPICIOUS_MOVE = YES;
				CLANG_WARN_UNGUARDED_AVAILABILITY = YES_AGGRESSIVE;
				CLANG_WARN_UNREACHABLE_CODE = YES;
				CLANG_WARN__DUPLICATE_METHOD_MATCH = YES;
				COPY_PHASE_STRIP = NO;
				DEBUG_INFORMATION_FORMAT = dwarf;
				ENABLE_STRICT_OBJC_MSGSEND = YES;
				ENABLE_TESTABILITY = YES;
				ENABLE_USER_SCRIPT_SANDBOXING = YES;
				GCC_C_LANGUAGE_STANDARD = gnu17;
				GCC_DYNAMIC_NO_PIC = NO;
				GCC_NO_COMMON_BLOCKS = YES;
				GCC_OPTIMIZATION_LEVEL = 0;
				GCC_PREPROCESSOR_DEFINITIONS = (
					"DEBUG=1",
					"$(inherited)",
				);
				GCC_WARN_64_TO_32_BIT_CONVERSION = YES;
				GCC_WARN_ABOUT_RETURN_TYPE = YES_ERROR;
				GCC_WARN_UNDECLARED_SELECTOR = YES;
				GCC_WARN_UNINITIALIZED_AUTOS = YES_AGGRESSIVE;
				GCC_WARN_UNUSED_FUNCTION = YES;
				GCC_WARN_UNUSED_VARIABLE = YES;
				IPHONEOS_DEPLOYMENT_TARGET = 17.0;
				LOCALIZATION_PREFERS_STRING_CATALOGS = YES;
				MTL_ENABLE_DEBUG_INFO = INCLUDE_SOURCE;
				MTL_FAST_MATH = YES;
				ONLY_ACTIVE_ARCH = YES;
				SDKROOT = iphoneos;
				SWIFT_ACTIVE_COMPILATION_CONDITIONS = "DEBUG $(inherited)";
				SWIFT_OPTIMIZATION_LEVEL = "-Onone";
			};
			name = Debug;
		};
		09E8C75D2ADEDF5600ED0549 /* Release */ = {
			isa = XCBuildConfiguration;
			buildSettings = {
				ALWAYS_SEARCH_USER_PATHS = NO;
				ASSETCATALOG_COMPILER_GENERATE_SWIFT_ASSET_SYMBOL_EXTENSIONS = YES;
				CLANG_ANALYZER_NONNULL = YES;
				CLANG_ANALYZER_NUMBER_OBJECT_CONVERSION = YES_AGGRESSIVE;
				CLANG_CXX_LANGUAGE_STANDARD = "gnu++20";
				CLANG_ENABLE_MODULES = YES;
				CLANG_ENABLE_OBJC_ARC = YES;
				CLANG_ENABLE_OBJC_WEAK = YES;
				CLANG_WARN_BLOCK_CAPTURE_AUTORELEASING = YES;
				CLANG_WARN_BOOL_CONVERSION = YES;
				CLANG_WARN_COMMA = YES;
				CLANG_WARN_CONSTANT_CONVERSION = YES;
				CLANG_WARN_DEPRECATED_OBJC_IMPLEMENTATIONS = YES;
				CLANG_WARN_DIRECT_OBJC_ISA_USAGE = YES_ERROR;
				CLANG_WARN_DOCUMENTATION_COMMENTS = YES;
				CLANG_WARN_EMPTY_BODY = YES;
				CLANG_WARN_ENUM_CONVERSION = YES;
				CLANG_WARN_INFINITE_RECURSION = YES;
				CLANG_WARN_INT_CONVERSION = YES;
				CLANG_WARN_NON_LITERAL_NULL_CONVERSION = YES;
				CLANG_WARN_OBJC_IMPLICIT_RETAIN_SELF = YES;
				CLANG_WARN_OBJC_LITERAL_CONVERSION = YES;
				CLANG_WARN_OBJC_ROOT_CLASS = YES_ERROR;
				CLANG_WARN_QUOTED_INCLUDE_IN_FRAMEWORK_HEADER = YES;
				CLANG_WARN_RANGE_LOOP_ANALYSIS = YES;
				CLANG_WARN_STRICT_PROTOTYPES = YES;
				CLANG_WARN_SUSPICIOUS_MOVE = YES;
				CLANG_WARN_UNGUARDED_AVAILABILITY = YES_AGGRESSIVE;
				CLANG_WARN_UNREACHABLE_CODE = YES;
				CLANG_WARN__DUPLICATE_METHOD_MATCH = YES;
				COPY_PHASE_STRIP = NO;
				DEBUG_INFORMATION_FORMAT = "dwarf-with-dsym";
				ENABLE_NS_ASSERTIONS = NO;
				ENABLE_STRICT_OBJC_MSGSEND = YES;
				ENABLE_USER_SCRIPT_SANDBOXING = YES;
				GCC_C_LANGUAGE_STANDARD = gnu17;
				GCC_NO_COMMON_BLOCKS = YES;
				GCC_WARN_64_TO_32_BIT_CONVERSION = YES;
				GCC_WARN_ABOUT_RETURN_TYPE = YES_ERROR;
				GCC_WARN_UNDECLARED_SELECTOR = YES;
				GCC_WARN_UNINITIALIZED_AUTOS = YES_AGGRESSIVE;
				GCC_WARN_UNUSED_FUNCTION = YES;
				GCC_WARN_UNUSED_VARIABLE = YES;
				IPHONEOS_DEPLOYMENT_TARGET = 17.0;
				LOCALIZATION_PREFERS_STRING_CATALOGS = YES;
				MTL_ENABLE_DEBUG_INFO = NO;
				MTL_FAST_MATH = YES;
				SDKROOT = iphoneos;
				SWIFT_COMPILATION_MODE = wholemodule;
				VALIDATE_PRODUCT = YES;
			};
			name = Release;
		};
		09E8C75F2ADEDF5600ED0549 /* Debug */ = {
			isa = XCBuildConfiguration;
			buildSettings = {
				ASSETCATALOG_COMPILER_APPICON_NAME = AppIcon;
				ASSETCATALOG_COMPILER_GLOBAL_ACCENT_COLOR_NAME = AccentColor;
				ASSETCATALOG_COMPILER_INCLUDE_ALL_APPICON_ASSETS = YES;
				CODE_SIGN_STYLE = Automatic;
				CURRENT_PROJECT_VERSION = 1;
				DEVELOPMENT_ASSET_PATHS = "\"Trading/Preview Content\"";
				DEVELOPMENT_TEAM = 8GJMP9US45;
				ENABLE_PREVIEWS = YES;
				GENERATE_INFOPLIST_FILE = YES;
				INFOPLIST_FILE = Trading/Info.plist;
				INFOPLIST_KEY_UIApplicationSceneManifest_Generation = YES;
				INFOPLIST_KEY_UIApplicationSupportsIndirectInputEvents = YES;
				INFOPLIST_KEY_UILaunchStoryboardName = "Launch Screen.storyboard";
				INFOPLIST_KEY_UISupportedInterfaceOrientations = UIInterfaceOrientationPortrait;
				IPHONEOS_DEPLOYMENT_TARGET = 16.4;
				LD_RUNPATH_SEARCH_PATHS = (
					"$(inherited)",
					"@executable_path/Frameworks",
				);
				MARKETING_VERSION = 1.0;
				PRODUCT_BUNDLE_IDENTIFIER = ilyailyaovch.Trading;
				PRODUCT_NAME = "$(TARGET_NAME)";
				SWIFT_EMIT_LOC_STRINGS = YES;
				SWIFT_VERSION = 5.0;
				TARGETED_DEVICE_FAMILY = "1,2";
			};
			name = Debug;
		};
		09E8C7602ADEDF5600ED0549 /* Release */ = {
			isa = XCBuildConfiguration;
			buildSettings = {
				ASSETCATALOG_COMPILER_APPICON_NAME = AppIcon;
				ASSETCATALOG_COMPILER_GLOBAL_ACCENT_COLOR_NAME = AccentColor;
				ASSETCATALOG_COMPILER_INCLUDE_ALL_APPICON_ASSETS = YES;
				CODE_SIGN_STYLE = Automatic;
				CURRENT_PROJECT_VERSION = 1;
				DEVELOPMENT_ASSET_PATHS = "\"Trading/Preview Content\"";
				DEVELOPMENT_TEAM = 8GJMP9US45;
				ENABLE_PREVIEWS = YES;
				GENERATE_INFOPLIST_FILE = YES;
				INFOPLIST_FILE = Trading/Info.plist;
				INFOPLIST_KEY_UIApplicationSceneManifest_Generation = YES;
				INFOPLIST_KEY_UIApplicationSupportsIndirectInputEvents = YES;
				INFOPLIST_KEY_UILaunchStoryboardName = "Launch Screen.storyboard";
				INFOPLIST_KEY_UISupportedInterfaceOrientations = UIInterfaceOrientationPortrait;
				IPHONEOS_DEPLOYMENT_TARGET = 16.4;
				LD_RUNPATH_SEARCH_PATHS = (
					"$(inherited)",
					"@executable_path/Frameworks",
				);
				MARKETING_VERSION = 1.0;
				PRODUCT_BUNDLE_IDENTIFIER = ilyailyaovch.Trading;
				PRODUCT_NAME = "$(TARGET_NAME)";
				SWIFT_EMIT_LOC_STRINGS = YES;
				SWIFT_VERSION = 5.0;
				TARGETED_DEVICE_FAMILY = "1,2";
			};
			name = Release;
		};
/* End XCBuildConfiguration section */

/* Begin XCConfigurationList section */
		09E8C74B2ADEDF5500ED0549 /* Build configuration list for PBXProject "Trading" */ = {
			isa = XCConfigurationList;
			buildConfigurations = (
				09E8C75C2ADEDF5600ED0549 /* Debug */,
				09E8C75D2ADEDF5600ED0549 /* Release */,
			);
			defaultConfigurationIsVisible = 0;
			defaultConfigurationName = Release;
		};
		09E8C75E2ADEDF5600ED0549 /* Build configuration list for PBXNativeTarget "Trading" */ = {
			isa = XCConfigurationList;
			buildConfigurations = (
				09E8C75F2ADEDF5600ED0549 /* Debug */,
				09E8C7602ADEDF5600ED0549 /* Release */,
			);
			defaultConfigurationIsVisible = 0;
			defaultConfigurationName = Release;
		};
/* End XCConfigurationList section */
	};
	rootObject = 09E8C7482ADEDF5500ED0549 /* Project object */;
}
